<?xml version="1.0" encoding="utf-8"?>
<Project ToolsVersion="4.0" xmlns="http://schemas.microsoft.com/developer/msbuild/2003">
  <ItemGroup>
    <ClInclude Include="Core\Vector.h">
      <Filter>Core</Filter>
    </ClInclude>
    <ClInclude Include="Core\Helpers.h">
      <Filter>Core</Filter>
    </ClInclude>
    <ClInclude Include="Core\Constants.h">
      <Filter>Core</Filter>
    </ClInclude>
    <ClInclude Include="Core\Canvas.h" />
    <ClInclude Include="Core\Matrix.h" />
    <ClInclude Include="Core\Transform.h" />
    <ClInclude Include="Core\Ray.h" />
    <ClInclude Include="Core\CollisionInfo.h" />
    <ClInclude Include="Core\PointLight.h" />
    <ClInclude Include="Core\Material.h" />
    <ClInclude Include="Core\Lighting.h" />
    <ClInclude Include="Core\World.h" />
    <ClInclude Include="Core\Camera.h" />
    <ClInclude Include="Core\Pattern\PatternFactory.h" />
    <ClInclude Include="Core\Pattern\SpecificPatternFactory.h" />
    <ClInclude Include="Core\Pattern\Pattern.h" />
    <ClInclude Include="Core\Pattern\StripePattern.h" />
    <ClInclude Include="Core\ICloneable.h" />
    <ClInclude Include="Core\Objects\Object.h" />
    <ClInclude Include="Core\Objects\Sphere.h" />
    <ClInclude Include="Core\Objects\Plane.h" />
    <ClInclude Include="Core\Pattern\CheckerPattern.h" />
    <ClInclude Include="Core\ObjectHelpers.h" />
  </ItemGroup>
  <ItemGroup>
    <ClCompile Include="main.cpp" />
    <ClCompile Include="Core\Canvas.cpp" />
    <ClCompile Include="Core\Transform.cpp" />
    <ClCompile Include="Core\Ray.cpp" />
    <ClCompile Include="Core\Lighting.cpp" />
    <ClCompile Include="Core\World.cpp" />
    <ClCompile Include="Core\Camera.cpp" />
    <ClCompile Include="Core\Pattern\SpecificPatternFactory.cpp" />
    <ClCompile Include="Core\Pattern\StripePattern.cpp" />
    <ClCompile Include="Core\Pattern\PatternFactory.cpp" />
    <ClCompile Include="Core\Material.cpp" />
    <ClCompile Include="Core\Pattern\Pattern.cpp" />
    <ClCompile Include="Core\Objects\Object.cpp" />
    <ClCompile Include="Core\Objects\Sphere.cpp" />
    <ClCompile Include="Core\Objects\Plane.cpp" />
    <ClCompile Include="Core\Pattern\CheckerPattern.cpp" />
    <ClCompile Include="Core\ObjectHelpers.cpp" />
  </ItemGroup>
  <ItemGroup>
    <Filter Include="Core">
      <UniqueIdentifier>{efbbb2c2-2695-498b-b754-fa0d9fbcf121}</UniqueIdentifier>
    </Filter>
  </ItemGroup>
</Project>